{
  "name": "vue-transmit-test",
  "version": "1.0.0",
  "lockfileVersion": 1,
  "requires": true,
  "dependencies": {
    "@types/body-parser": {
      "version": "1.16.8",
      "resolved": "https://registry.npmjs.org/@types/body-parser/-/body-parser-1.16.8.tgz",
      "integrity": "sha512-BdN2PXxOFnTXFcyONPW6t0fHjz2fvRZHVMFpaS0wYr+Y8fWEaNOs4V8LEu/fpzQlMx+ahdndgTaGTwPC+J/EeA==",
      "requires": {
        "@types/express": "*",
        "@types/node": "*"
      }
    },
    "@types/events": {
      "version": "1.2.0",
      "resolved": "https://registry.npmjs.org/@types/events/-/events-1.2.0.tgz",
      "integrity": "sha512-KEIlhXnIutzKwRbQkGWb/I4HFqBuUykAdHgDED6xqwXJfONCjF5VoE0cXEiurh3XauygxzeDzgtXUqvLkxFzzA=="
    },
    "@types/express": {
      "version": "4.11.1",
      "resolved": "https://registry.npmjs.org/@types/express/-/express-4.11.1.tgz",
      "integrity": "sha512-ttWle8cnPA5rAelauSWeWJimtY2RsUf2aspYZs7xPHiWgOlPn6nnUfBMtrkcnjFJuIHJF4gNOdVvpLK2Zmvh6g==",
      "requires": {
        "@types/body-parser": "*",
        "@types/express-serve-static-core": "*",
        "@types/serve-static": "*"
      }
    },
    "@types/express-serve-static-core": {
      "version": "4.11.1",
      "resolved": "https://registry.npmjs.org/@types/express-serve-static-core/-/express-serve-static-core-4.11.1.tgz",
      "integrity": "sha512-EehCl3tpuqiM8RUb+0255M8PhhSwTtLfmO7zBBdv0ay/VTd/zmrqDfQdZFsa5z/PVMbH2yCMZPXsnrImpATyIw==",
      "requires": {
        "@types/events": "*",
        "@types/node": "*"
      }
    },
    "@types/mime": {
      "version": "2.0.0",
      "resolved": "https://registry.npmjs.org/@types/mime/-/mime-2.0.0.tgz",
      "integrity": "sha512-A2TAGbTFdBw9azHbpVd+/FkdW2T6msN1uct1O9bH3vTerEHKZhTXJUQXy+hNq1B0RagfU8U+KBdqiZpxjhOUQA=="
    },
    "@types/multer": {
      "version": "1.3.6",
      "resolved": "https://registry.npmjs.org/@types/multer/-/multer-1.3.6.tgz",
      "integrity": "sha512-MAFQ/UqkLtnweDfSr1je71ed0L1XIL/lL/cfpjE+eJ9gDekObXCVHYCSZXxSfTTfN8BdrP77O6YzQ1Yi4lglGg==",
      "requires": {
        "@types/express": "*"
      }
    },
    "@types/node": {
      "version": "10.1.2",
      "resolved": "https://registry.npmjs.org/@types/node/-/node-10.1.2.tgz",
      "integrity": "sha512-bjk1RIeZBCe/WukrFToIVegOf91Pebr8cXYBwLBIsfiGWVQ+ifwWsT59H3RxrWzWrzd1l/Amk1/ioY5Fq3/bpA=="
    },
    "@types/serve-static": {
      "version": "1.13.1",
      "resolved": "https://registry.npmjs.org/@types/serve-static/-/serve-static-1.13.1.tgz",
      "integrity": "sha512-jDMH+3BQPtvqZVIcsH700Dfi8Q3MIcEx16g/VdxjoqiGR/NntekB10xdBpirMKnPe9z2C5cBmL0vte0YttOr3Q==",
      "requires": {
        "@types/express-serve-static-core": "*",
        "@types/mime": "*"
      }
    },
    "accepts": {
      "version": "1.3.5",
      "resolved": "https://registry.npmjs.org/accepts/-/accepts-1.3.5.tgz",
      "integrity": "sha1-63d99gEXI6OxTopywIBcjoZ0a9I=",
      "requires": {
        "mime-types": "~2.1.18",
        "negotiator": "0.6.1"
      }
    },
    "ansi-escapes": {
      "version": "1.4.0",
      "resolved": "https://registry.npmjs.org/ansi-escapes/-/ansi-escapes-1.4.0.tgz",
      "integrity": "sha1-06ioOzGapneTZisT52HHkRQiMG4="
    },
    "ansi-regex": {
      "version": "2.1.1",
      "resolved": "https://registry.npmjs.org/ansi-regex/-/ansi-regex-2.1.1.tgz",
      "integrity": "sha1-w7M6te42DYbg5ijwRorn7yfWVN8="
    },
    "ansi-styles": {
      "version": "2.2.1",
      "resolved": "https://registry.npmjs.org/ansi-styles/-/ansi-styles-2.2.1.tgz",
      "integrity": "sha1-tDLdM1i2NM914eRmQ2gkBTPB3b4="
    },
    "append-field": {
      "version": "0.1.0",
      "resolved": "https://registry.npmjs.org/append-field/-/append-field-0.1.0.tgz",
      "integrity": "sha1-bdxY+gg8e8VF08WZWygwzCNm1Eo="
    },
    "array-flatten": {
      "version": "1.1.1",
      "resolved": "https://registry.npmjs.org/array-flatten/-/array-flatten-1.1.1.tgz",
      "integrity": "sha1-ml9pkFGx5wczKPKgCJaLZOopVdI="
    },
    "babel-polyfill": {
      "version": "6.23.0",
      "resolved": "https://registry.npmjs.org/babel-polyfill/-/babel-polyfill-6.23.0.tgz",
      "integrity": "sha1-g2TKYt+Or7gwSZ9pkXdGbDsDSZ0=",
      "requires": {
        "babel-runtime": "^6.22.0",
        "core-js": "^2.4.0",
        "regenerator-runtime": "^0.10.0"
      }
    },
    "babel-runtime": {
      "version": "6.26.0",
      "resolved": "https://registry.npmjs.org/babel-runtime/-/babel-runtime-6.26.0.tgz",
      "integrity": "sha1-llxwWGaOgrVde/4E/yM3vItWR/4=",
      "requires": {
        "core-js": "^2.4.0",
        "regenerator-runtime": "^0.11.0"
      },
      "dependencies": {
        "regenerator-runtime": {
          "version": "0.11.1",
          "resolved": "https://registry.npmjs.org/regenerator-runtime/-/regenerator-runtime-0.11.1.tgz",
          "integrity": "sha512-MguG95oij0fC3QV3URf4V2SDYGJhJnJGqvIIgdECeODCT98wSWDAJ94SSuVpYQUoTcGUIL6L4yNB7j1DFFHSBg=="
        }
      }
    },
    "body-parser": {
      "version": "1.18.2",
      "resolved": "https://registry.npmjs.org/body-parser/-/body-parser-1.18.2.tgz",
      "integrity": "sha1-h2eKGdhLR9hZuDGZvVm84iKxBFQ=",
      "requires": {
        "bytes": "3.0.0",
        "content-type": "~1.0.4",
        "debug": "2.6.9",
        "depd": "~1.1.1",
        "http-errors": "~1.6.2",
        "iconv-lite": "0.4.19",
        "on-finished": "~2.3.0",
        "qs": "6.5.1",
        "raw-body": "2.3.2",
        "type-is": "~1.6.15"
      }
    },
    "bootstrap": {
      "version": "4.1.1",
      "resolved": "https://registry.npmjs.org/bootstrap/-/bootstrap-4.1.1.tgz",
      "integrity": "sha512-SpiDSOcbg4J/PjVSt4ny5eY6j74VbVSjROY4Fb/WIUXBV9cnb5luyR4KnPvNoXuGnBK1T+nJIWqRsvU3yP8Mcg=="
    },
    "bootstrap-vue": {
      "version": "2.0.0-rc.11",
      "resolved": "https://registry.npmjs.org/bootstrap-vue/-/bootstrap-vue-2.0.0-rc.11.tgz",
      "integrity": "sha512-LxR+oL8yKr1DVoWUWTX+XhiT0xaTMH6142u2VSFDm4tewTH8HIrzN2YIl7HLZrw2DIuE9bRMIdWJqqn3aQe7Hw==",
      "requires": {
        "bootstrap": "^4.1.1",
        "lodash.get": "^4.4.2",
        "lodash.startcase": "^4.4.0",
        "opencollective": "^1.0.3",
        "popper.js": "^1.12.9",
        "vue-functional-data-merge": "^2.0.5"
      }
    },
    "buffer-from": {
      "version": "1.0.0",
      "resolved": "https://registry.npmjs.org/buffer-from/-/buffer-from-1.0.0.tgz",
      "integrity": "sha512-83apNb8KK0Se60UE1+4Ukbe3HbfELJ6UlI4ldtOGs7So4KD26orJM8hIY9lxdzP+UpItH1Yh/Y8GUvNFWFFRxA=="
    },
    "busboy": {
      "version": "0.2.14",
      "resolved": "https://registry.npmjs.org/busboy/-/busboy-0.2.14.tgz",
      "integrity": "sha1-bCpiLvz0fFe7vh4qnDetNseSVFM=",
      "requires": {
        "dicer": "0.2.5",
        "readable-stream": "1.1.x"
      }
    },
    "bytes": {
      "version": "3.0.0",
      "resolved": "https://registry.npmjs.org/bytes/-/bytes-3.0.0.tgz",
      "integrity": "sha1-0ygVQE1olpn4Wk6k+odV3ROpYEg="
    },
    "chalk": {
      "version": "1.1.3",
      "resolved": "https://registry.npmjs.org/chalk/-/chalk-1.1.3.tgz",
      "integrity": "sha1-qBFcVeSnAv5NFQq9OHKCKn4J/Jg=",
      "requires": {
        "ansi-styles": "^2.2.1",
        "escape-string-regexp": "^1.0.2",
        "has-ansi": "^2.0.0",
        "strip-ansi": "^3.0.0",
        "supports-color": "^2.0.0"
      }
    },
    "chardet": {
      "version": "0.4.2",
      "resolved": "https://registry.npmjs.org/chardet/-/chardet-0.4.2.tgz",
      "integrity": "sha1-tUc7M9yXxCTl2Y3IfVXU2KKci/I="
    },
    "cli-cursor": {
      "version": "2.1.0",
      "resolved": "https://registry.npmjs.org/cli-cursor/-/cli-cursor-2.1.0.tgz",
      "integrity": "sha1-s12sN2R5+sw+lHR9QdDQ9SOP/LU=",
      "requires": {
        "restore-cursor": "^2.0.0"
      }
    },
    "cli-width": {
      "version": "2.2.0",
      "resolved": "https://registry.npmjs.org/cli-width/-/cli-width-2.2.0.tgz",
      "integrity": "sha1-/xnt6Kml5XkyQUewwR8PvLq+1jk="
    },
    "concat-stream": {
      "version": "1.6.2",
      "resolved": "https://registry.npmjs.org/concat-stream/-/concat-stream-1.6.2.tgz",
      "integrity": "sha512-27HBghJxjiZtIk3Ycvn/4kbJk/1uZuJFfuPEns6LaEvpvG1f0hTea8lilrouyo9mVc2GWdcEZ8OLoGmSADlrCw==",
      "requires": {
        "buffer-from": "^1.0.0",
        "inherits": "^2.0.3",
        "readable-stream": "^2.2.2",
        "typedarray": "^0.0.6"
      },
      "dependencies": {
        "isarray": {
          "version": "1.0.0",
          "resolved": "https://registry.npmjs.org/isarray/-/isarray-1.0.0.tgz",
          "integrity": "sha1-u5NdSFgsuhaMBoNJV6VKPgcSTxE="
        },
        "readable-stream": {
          "version": "2.3.5",
          "resolved": "https://registry.npmjs.org/readable-stream/-/readable-stream-2.3.5.tgz",
          "integrity": "sha512-tK0yDhrkygt/knjowCUiWP9YdV7c5R+8cR0r/kt9ZhBU906Fs6RpQJCEilamRJj1Nx2rWI6LkW9gKqjTkshhEw==",
          "requires": {
            "core-util-is": "~1.0.0",
            "inherits": "~2.0.3",
            "isarray": "~1.0.0",
            "process-nextick-args": "~2.0.0",
            "safe-buffer": "~5.1.1",
            "string_decoder": "~1.0.3",
            "util-deprecate": "~1.0.1"
          }
        },
        "string_decoder": {
          "version": "1.0.3",
          "resolved": "https://registry.npmjs.org/string_decoder/-/string_decoder-1.0.3.tgz",
          "integrity": "sha512-4AH6Z5fzNNBcH+6XDMfA/BTt87skxqJlO0lAh3Dker5zThcAxG6mKz+iGu308UKoPPQ8Dcqx/4JhujzltRa+hQ==",
          "requires": {
            "safe-buffer": "~5.1.0"
          }
        }
      }
    },
    "content-disposition": {
      "version": "0.5.2",
      "resolved": "https://registry.npmjs.org/content-disposition/-/content-disposition-0.5.2.tgz",
      "integrity": "sha1-DPaLud318r55YcOoUXjLhdunjLQ="
    },
    "content-type": {
      "version": "1.0.4",
      "resolved": "https://registry.npmjs.org/content-type/-/content-type-1.0.4.tgz",
      "integrity": "sha512-hIP3EEPs8tB9AT1L+NUqtwOAps4mk2Zob89MWXMHjHWg9milF/j4osnnQLXBCBFBk/tvIG/tUc9mOUJiPBhPXA=="
    },
    "cookie": {
      "version": "0.3.1",
      "resolved": "https://registry.npmjs.org/cookie/-/cookie-0.3.1.tgz",
      "integrity": "sha1-5+Ch+e9DtMi6klxcWpboBtFoc7s="
    },
    "cookie-signature": {
      "version": "1.0.6",
      "resolved": "https://registry.npmjs.org/cookie-signature/-/cookie-signature-1.0.6.tgz",
      "integrity": "sha1-4wOogrNCzD7oylE6eZmXNNqzriw="
    },
    "core-js": {
      "version": "2.5.6",
      "resolved": "https://registry.npmjs.org/core-js/-/core-js-2.5.6.tgz",
      "integrity": "sha512-lQUVfQi0aLix2xpyjrrJEvfuYCqPc/HwmTKsC/VNf8q0zsjX7SQZtp4+oRONN5Tsur9GDETPjj+Ub2iDiGZfSQ=="
    },
    "core-util-is": {
      "version": "1.0.2",
      "resolved": "https://registry.npmjs.org/core-util-is/-/core-util-is-1.0.2.tgz",
      "integrity": "sha1-tf1UIgqivFq1eqtxQMlAdUUDwac="
    },
    "debug": {
      "version": "2.6.9",
      "resolved": "https://registry.npmjs.org/debug/-/debug-2.6.9.tgz",
      "integrity": "sha512-bC7ElrdJaJnPbAP+1EotYvqZsb3ecl5wi6Bfi6BJTUcNowp6cvspg0jXznRTKDjm/E7AdgFBVeAPVMNcKGsHMA==",
      "requires": {
        "ms": "2.0.0"
      }
    },
    "depd": {
      "version": "1.1.2",
      "resolved": "https://registry.npmjs.org/depd/-/depd-1.1.2.tgz",
      "integrity": "sha1-m81S4UwJd2PnSbJ0xDRu0uVgtak="
    },
    "destroy": {
      "version": "1.0.4",
      "resolved": "https://registry.npmjs.org/destroy/-/destroy-1.0.4.tgz",
      "integrity": "sha1-l4hXRCxEdJ5CBmE+N5RiBYJqvYA="
    },
    "dicer": {
      "version": "0.2.5",
      "resolved": "https://registry.npmjs.org/dicer/-/dicer-0.2.5.tgz",
      "integrity": "sha1-WZbAhrszIYyBLAkL3cCc0S+stw8=",
      "requires": {
        "readable-stream": "1.1.x",
        "streamsearch": "0.1.2"
      }
    },
    "ee-first": {
      "version": "1.1.1",
      "resolved": "https://registry.npmjs.org/ee-first/-/ee-first-1.1.1.tgz",
      "integrity": "sha1-WQxhFWsK4vTwJVcyoViyZrxWsh0="
    },
    "encodeurl": {
      "version": "1.0.2",
      "resolved": "https://registry.npmjs.org/encodeurl/-/encodeurl-1.0.2.tgz",
      "integrity": "sha1-rT/0yG7C0CkyL1oCw6mmBslbP1k="
    },
    "encoding": {
      "version": "0.1.12",
      "resolved": "https://registry.npmjs.org/encoding/-/encoding-0.1.12.tgz",
      "integrity": "sha1-U4tm8+5izRq1HsMjgp0flIDHS+s=",
      "requires": {
        "iconv-lite": "~0.4.13"
      }
    },
    "escape-html": {
      "version": "1.0.3",
      "resolved": "https://registry.npmjs.org/escape-html/-/escape-html-1.0.3.tgz",
      "integrity": "sha1-Aljq5NPQwJdN4cFpGI7wBR0dGYg="
    },
    "escape-string-regexp": {
      "version": "1.0.5",
      "resolved": "https://registry.npmjs.org/escape-string-regexp/-/escape-string-regexp-1.0.5.tgz",
      "integrity": "sha1-G2HAViGQqN/2rjuyzwIAyhMLhtQ="
    },
    "etag": {
      "version": "1.8.1",
      "resolved": "https://registry.npmjs.org/etag/-/etag-1.8.1.tgz",
      "integrity": "sha1-Qa4u62XvpiJorr/qg6x9eSmbCIc="
    },
    "express": {
      "version": "4.16.3",
      "resolved": "https://registry.npmjs.org/express/-/express-4.16.3.tgz",
      "integrity": "sha1-avilAjUNsyRuzEvs9rWjTSL37VM=",
      "requires": {
        "accepts": "~1.3.5",
        "array-flatten": "1.1.1",
        "body-parser": "1.18.2",
        "content-disposition": "0.5.2",
        "content-type": "~1.0.4",
        "cookie": "0.3.1",
        "cookie-signature": "1.0.6",
        "debug": "2.6.9",
        "depd": "~1.1.2",
        "encodeurl": "~1.0.2",
        "escape-html": "~1.0.3",
        "etag": "~1.8.1",
        "finalhandler": "1.1.1",
        "fresh": "0.5.2",
        "merge-descriptors": "1.0.1",
        "methods": "~1.1.2",
        "on-finished": "~2.3.0",
        "parseurl": "~1.3.2",
        "path-to-regexp": "0.1.7",
        "proxy-addr": "~2.0.3",
        "qs": "6.5.1",
        "range-parser": "~1.2.0",
        "safe-buffer": "5.1.1",
        "send": "0.16.2",
        "serve-static": "1.13.2",
        "setprototypeof": "1.1.0",
        "statuses": "~1.4.0",
        "type-is": "~1.6.16",
        "utils-merge": "1.0.1",
        "vary": "~1.1.2"
      }
    },
    "external-editor": {
      "version": "2.2.0",
      "resolved": "https://registry.npmjs.org/external-editor/-/external-editor-2.2.0.tgz",
      "integrity": "sha512-bSn6gvGxKt+b7+6TKEv1ZycHleA7aHhRHyAqJyp5pbUFuYYNIzpZnQDk7AsYckyWdEnTeAnay0aCy2aV6iTk9A==",
      "requires": {
        "chardet": "^0.4.0",
        "iconv-lite": "^0.4.17",
        "tmp": "^0.0.33"
      }
    },
    "figures": {
      "version": "2.0.0",
      "resolved": "https://registry.npmjs.org/figures/-/figures-2.0.0.tgz",
      "integrity": "sha1-OrGi0qYsi/tDGgyUy3l6L84nyWI=",
      "requires": {
        "escape-string-regexp": "^1.0.5"
      }
    },
    "finalhandler": {
      "version": "1.1.1",
      "resolved": "https://registry.npmjs.org/finalhandler/-/finalhandler-1.1.1.tgz",
      "integrity": "sha512-Y1GUDo39ez4aHAw7MysnUD5JzYX+WaIj8I57kO3aEPT1fFRL4sr7mjei97FgnwhAyyzRYmQZaTHb2+9uZ1dPtg==",
      "requires": {
        "debug": "2.6.9",
        "encodeurl": "~1.0.2",
        "escape-html": "~1.0.3",
        "on-finished": "~2.3.0",
        "parseurl": "~1.3.2",
        "statuses": "~1.4.0",
        "unpipe": "~1.0.0"
      }
    },
    "forwarded": {
      "version": "0.1.2",
      "resolved": "https://registry.npmjs.org/forwarded/-/forwarded-0.1.2.tgz",
      "integrity": "sha1-mMI9qxF1ZXuMBXPozszZGw/xjIQ="
    },
    "fresh": {
      "version": "0.5.2",
      "resolved": "https://registry.npmjs.org/fresh/-/fresh-0.5.2.tgz",
      "integrity": "sha1-PYyt2Q2XZWn6g1qx+OSyOhBWBac="
    },
    "has-ansi": {
      "version": "2.0.0",
      "resolved": "https://registry.npmjs.org/has-ansi/-/has-ansi-2.0.0.tgz",
      "integrity": "sha1-NPUEnOHs3ysGSa8+8k5F7TVBbZE=",
      "requires": {
        "ansi-regex": "^2.0.0"
      }
    },
    "http-errors": {
      "version": "1.6.2",
      "resolved": "https://registry.npmjs.org/http-errors/-/http-errors-1.6.2.tgz",
      "integrity": "sha1-CgAsyFcHGSp+eUbO7cERVfYOxzY=",
      "requires": {
        "depd": "1.1.1",
        "inherits": "2.0.3",
        "setprototypeof": "1.0.3",
        "statuses": ">= 1.3.1 < 2"
      },
      "dependencies": {
        "depd": {
          "version": "1.1.1",
          "resolved": "https://registry.npmjs.org/depd/-/depd-1.1.1.tgz",
          "integrity": "sha1-V4O04cRZ8G+lyif5kfPQbnoxA1k="
        },
        "setprototypeof": {
          "version": "1.0.3",
          "resolved": "https://registry.npmjs.org/setprototypeof/-/setprototypeof-1.0.3.tgz",
          "integrity": "sha1-ZlZ+NwQ+608E2RvWWMDL77VbjgQ="
        }
      }
    },
    "iconv-lite": {
      "version": "0.4.19",
      "resolved": "https://registry.npmjs.org/iconv-lite/-/iconv-lite-0.4.19.tgz",
      "integrity": "sha512-oTZqweIP51xaGPI4uPa56/Pri/480R+mo7SeU+YETByQNhDG55ycFyNLIgta9vXhILrxXDmF7ZGhqZIcuN0gJQ=="
    },
    "inherits": {
      "version": "2.0.3",
      "resolved": "https://registry.npmjs.org/inherits/-/inherits-2.0.3.tgz",
      "integrity": "sha1-Yzwsg+PaQqUC9SRmAiSA9CCCYd4="
    },
    "inquirer": {
      "version": "3.0.6",
      "resolved": "https://registry.npmjs.org/inquirer/-/inquirer-3.0.6.tgz",
      "integrity": "sha1-4EqqnQW3o8ubD0B9BDdfBEcZA0c=",
      "requires": {
        "ansi-escapes": "^1.1.0",
        "chalk": "^1.0.0",
        "cli-cursor": "^2.1.0",
        "cli-width": "^2.0.0",
        "external-editor": "^2.0.1",
        "figures": "^2.0.0",
        "lodash": "^4.3.0",
        "mute-stream": "0.0.7",
        "run-async": "^2.2.0",
        "rx": "^4.1.0",
        "string-width": "^2.0.0",
        "strip-ansi": "^3.0.0",
        "through": "^2.3.6"
      }
    },
    "ipaddr.js": {
      "version": "1.6.0",
      "resolved": "https://registry.npmjs.org/ipaddr.js/-/ipaddr.js-1.6.0.tgz",
      "integrity": "sha1-4/o1e3c9phnybpXwSdBVxyeW+Gs="
    },
    "is-fullwidth-code-point": {
      "version": "2.0.0",
      "resolved": "https://registry.npmjs.org/is-fullwidth-code-point/-/is-fullwidth-code-point-2.0.0.tgz",
      "integrity": "sha1-o7MKXE8ZkYMWeqq5O+764937ZU8="
    },
    "is-promise": {
      "version": "2.1.0",
      "resolved": "https://registry.npmjs.org/is-promise/-/is-promise-2.1.0.tgz",
      "integrity": "sha1-eaKp7OfwlugPNtKy87wWwf9L8/o="
    },
    "is-stream": {
      "version": "1.1.0",
      "resolved": "https://registry.npmjs.org/is-stream/-/is-stream-1.1.0.tgz",
      "integrity": "sha1-EtSj3U5o4Lec6428hBc66A2RykQ="
    },
    "isarray": {
      "version": "0.0.1",
      "resolved": "https://registry.npmjs.org/isarray/-/isarray-0.0.1.tgz",
      "integrity": "sha1-ihis/Kmo9Bd+Cav8YDiTmwXR7t8="
    },
    "lodash": {
      "version": "4.17.10",
      "resolved": "https://registry.npmjs.org/lodash/-/lodash-4.17.10.tgz",
      "integrity": "sha512-UejweD1pDoXu+AD825lWwp4ZGtSwgnpZxb3JDViD7StjQz+Nb/6l093lx4OQ0foGWNRoc19mWy7BzL+UAK2iVg=="
    },
    "lodash.get": {
      "version": "4.4.2",
      "resolved": "https://registry.npmjs.org/lodash.get/-/lodash.get-4.4.2.tgz",
      "integrity": "sha1-LRd/ZS+jHpObRDjVNBSZ36OCXpk="
    },
    "lodash.startcase": {
      "version": "4.4.0",
      "resolved": "https://registry.npmjs.org/lodash.startcase/-/lodash.startcase-4.4.0.tgz",
      "integrity": "sha1-lDbjTtJgk+1/+uGTYUQ1CRXZrdg="
    },
    "media-typer": {
      "version": "0.3.0",
      "resolved": "https://registry.npmjs.org/media-typer/-/media-typer-0.3.0.tgz",
      "integrity": "sha1-hxDXrwqmJvj/+hzgAWhUUmMlV0g="
    },
    "merge-descriptors": {
      "version": "1.0.1",
      "resolved": "https://registry.npmjs.org/merge-descriptors/-/merge-descriptors-1.0.1.tgz",
      "integrity": "sha1-sAqqVW3YtEVoFQ7J0blT8/kMu2E="
    },
    "methods": {
      "version": "1.1.2",
      "resolved": "https://registry.npmjs.org/methods/-/methods-1.1.2.tgz",
      "integrity": "sha1-VSmk1nZUE07cxSZmVoNbD4Ua/O4="
    },
    "mime": {
      "version": "1.4.1",
      "resolved": "https://registry.npmjs.org/mime/-/mime-1.4.1.tgz",
      "integrity": "sha512-KI1+qOZu5DcW6wayYHSzR/tXKCDC5Om4s1z2QJjDULzLcmf3DvzS7oluY4HCTrc+9FiKmWUgeNLg7W3uIQvxtQ=="
    },
    "mime-db": {
      "version": "1.33.0",
      "resolved": "https://registry.npmjs.org/mime-db/-/mime-db-1.33.0.tgz",
      "integrity": "sha512-BHJ/EKruNIqJf/QahvxwQZXKygOQ256myeN/Ew+THcAa5q+PjyTTMMeNQC4DZw5AwfvelsUrA6B67NKMqXDbzQ=="
    },
    "mime-types": {
      "version": "2.1.18",
      "resolved": "https://registry.npmjs.org/mime-types/-/mime-types-2.1.18.tgz",
      "integrity": "sha512-lc/aahn+t4/SWV/qcmumYjymLsWfN3ELhpmVuUFjgsORruuZPVSwAQryq+HHGvO/SI2KVX26bx+En+zhM8g8hQ==",
      "requires": {
        "mime-db": "~1.33.0"
      }
    },
    "mimic-fn": {
      "version": "1.2.0",
      "resolved": "https://registry.npmjs.org/mimic-fn/-/mimic-fn-1.2.0.tgz",
      "integrity": "sha512-jf84uxzwiuiIVKiOLpfYk7N46TSy8ubTonmneY9vrpHNAnp0QBt2BxWV9dO3/j+BoVAb+a5G6YDPW3M5HOdMWQ=="
    },
    "minimist": {
      "version": "0.0.8",
      "resolved": "https://registry.npmjs.org/minimist/-/minimist-0.0.8.tgz",
      "integrity": "sha1-hX/Kv8M5fSYluCKCYuhqp6ARsF0="
    },
    "mkdirp": {
      "version": "0.5.1",
      "resolved": "https://registry.npmjs.org/mkdirp/-/mkdirp-0.5.1.tgz",
      "integrity": "sha1-MAV0OOrGz3+MR2fzhkjWaX11yQM=",
      "requires": {
        "minimist": "0.0.8"
      }
    },
    "ms": {
      "version": "2.0.0",
      "resolved": "https://registry.npmjs.org/ms/-/ms-2.0.0.tgz",
      "integrity": "sha1-VgiurfwAvmwpAd9fmGF4jeDVl8g="
    },
    "multer": {
      "version": "1.3.0",
      "resolved": "https://registry.npmjs.org/multer/-/multer-1.3.0.tgz",
      "integrity": "sha1-CSsmcPaEb6SRSWXvyM+Uwg/sbNI=",
      "requires": {
        "append-field": "^0.1.0",
        "busboy": "^0.2.11",
        "concat-stream": "^1.5.0",
        "mkdirp": "^0.5.1",
        "object-assign": "^3.0.0",
        "on-finished": "^2.3.0",
        "type-is": "^1.6.4",
        "xtend": "^4.0.0"
      }
    },
    "mute-stream": {
      "version": "0.0.7",
      "resolved": "https://registry.npmjs.org/mute-stream/-/mute-stream-0.0.7.tgz",
      "integrity": "sha1-MHXOk7whuPq0PhvE2n6BFe0ee6s="
    },
    "negotiator": {
      "version": "0.6.1",
      "resolved": "https://registry.npmjs.org/negotiator/-/negotiator-0.6.1.tgz",
      "integrity": "sha1-KzJxhOiZIQEXeyhWP7XnECrNDKk="
    },
    "node-fetch": {
      "version": "1.6.3",
      "resolved": "https://registry.npmjs.org/node-fetch/-/node-fetch-1.6.3.tgz",
      "integrity": "sha1-3CNO3WSJmC1Y6PDbT2lQKavNjAQ=",
      "requires": {
        "encoding": "^0.1.11",
        "is-stream": "^1.0.1"
      }
    },
    "object-assign": {
      "version": "3.0.0",
      "resolved": "https://registry.npmjs.org/object-assign/-/object-assign-3.0.0.tgz",
      "integrity": "sha1-m+3VygiXlJvKR+f/QIBi1Un1h/I="
    },
    "on-finished": {
      "version": "2.3.0",
      "resolved": "https://registry.npmjs.org/on-finished/-/on-finished-2.3.0.tgz",
      "integrity": "sha1-IPEzZIGwg811M3mSoWlxqi2QaUc=",
      "requires": {
        "ee-first": "1.1.1"
      }
    },
    "onetime": {
      "version": "2.0.1",
      "resolved": "https://registry.npmjs.org/onetime/-/onetime-2.0.1.tgz",
      "integrity": "sha1-BnQoIw/WdEOyeUsiu6UotoZ5YtQ=",
      "requires": {
        "mimic-fn": "^1.0.0"
      }
    },
    "opencollective": {
      "version": "1.0.3",
      "resolved": "https://registry.npmjs.org/opencollective/-/opencollective-1.0.3.tgz",
      "integrity": "sha1-ruY3K8KBRFg2kMPKja7PwSDdDvE=",
      "requires": {
        "babel-polyfill": "6.23.0",
        "chalk": "1.1.3",
        "inquirer": "3.0.6",
        "minimist": "1.2.0",
        "node-fetch": "1.6.3",
        "opn": "4.0.2"
      },
      "dependencies": {
        "minimist": {
          "version": "1.2.0",
          "resolved": "https://registry.npmjs.org/minimist/-/minimist-1.2.0.tgz",
          "integrity": "sha1-o1AIsg9BOD7sH7kU9M1d95omQoQ="
        }
      }
    },
    "opn": {
      "version": "4.0.2",
      "resolved": "https://registry.npmjs.org/opn/-/opn-4.0.2.tgz",
      "integrity": "sha1-erwi5kTf9jsKltWrfyeQwPAavJU=",
      "requires": {
        "object-assign": "^4.0.1",
        "pinkie-promise": "^2.0.0"
      },
      "dependencies": {
        "object-assign": {
          "version": "4.1.1",
          "resolved": "https://registry.npmjs.org/object-assign/-/object-assign-4.1.1.tgz",
          "integrity": "sha1-IQmtx5ZYh8/AXLvUQsrIv7s2CGM="
        }
      }
    },
    "os-tmpdir": {
      "version": "1.0.2",
      "resolved": "https://registry.npmjs.org/os-tmpdir/-/os-tmpdir-1.0.2.tgz",
      "integrity": "sha1-u+Z0BseaqFxc/sdm/lc0VV36EnQ="
    },
    "parseurl": {
      "version": "1.3.2",
      "resolved": "https://registry.npmjs.org/parseurl/-/parseurl-1.3.2.tgz",
      "integrity": "sha1-/CidTtiZMRlGDBViUyYs3I3mW/M="
    },
    "path-to-regexp": {
      "version": "0.1.7",
      "resolved": "https://registry.npmjs.org/path-to-regexp/-/path-to-regexp-0.1.7.tgz",
      "integrity": "sha1-32BBeABfUi8V60SQ5yR6G/qmf4w="
    },
    "pinkie": {
      "version": "2.0.4",
      "resolved": "https://registry.npmjs.org/pinkie/-/pinkie-2.0.4.tgz",
      "integrity": "sha1-clVrgM+g1IqXToDnckjoDtT3+HA="
    },
    "pinkie-promise": {
      "version": "2.0.1",
      "resolved": "https://registry.npmjs.org/pinkie-promise/-/pinkie-promise-2.0.1.tgz",
      "integrity": "sha1-ITXW36ejWMBprJsXh3YogihFD/o=",
      "requires": {
        "pinkie": "^2.0.0"
      }
    },
    "popper.js": {
      "version": "1.14.3",
      "resolved": "https://registry.npmjs.org/popper.js/-/popper.js-1.14.3.tgz",
      "integrity": "sha1-FDj5jQRqz3tNeM1QK/QYrGTU8JU="
    },
    "process-nextick-args": {
      "version": "2.0.0",
      "resolved": "https://registry.npmjs.org/process-nextick-args/-/process-nextick-args-2.0.0.tgz",
      "integrity": "sha512-MtEC1TqN0EU5nephaJ4rAtThHtC86dNN9qCuEhtshvpVBkAW5ZO7BASN9REnF9eoXGcRub+pFuKEpOHE+HbEMw=="
    },
    "proxy-addr": {
      "version": "2.0.3",
      "resolved": "https://registry.npmjs.org/proxy-addr/-/proxy-addr-2.0.3.tgz",
      "integrity": "sha512-jQTChiCJteusULxjBp8+jftSQE5Obdl3k4cnmLA6WXtK6XFuWRnvVL7aCiBqaLPM8c4ph0S4tKna8XvmIwEnXQ==",
      "requires": {
        "forwarded": "~0.1.2",
        "ipaddr.js": "1.6.0"
      }
    },
    "qs": {
      "version": "6.5.1",
      "resolved": "https://registry.npmjs.org/qs/-/qs-6.5.1.tgz",
      "integrity": "sha512-eRzhrN1WSINYCDCbrz796z37LOe3m5tmW7RQf6oBntukAG1nmovJvhnwHHRMAfeoItc1m2Hk02WER2aQ/iqs+A=="
    },
    "range-parser": {
      "version": "1.2.0",
      "resolved": "https://registry.npmjs.org/range-parser/-/range-parser-1.2.0.tgz",
      "integrity": "sha1-9JvmtIeJTdxA3MlKMi9hEJLgDV4="
    },
    "raw-body": {
      "version": "2.3.2",
      "resolved": "https://registry.npmjs.org/raw-body/-/raw-body-2.3.2.tgz",
      "integrity": "sha1-vNYMd9Prk83gBQKVw/N5OJvIj4k=",
      "requires": {
        "bytes": "3.0.0",
        "http-errors": "1.6.2",
        "iconv-lite": "0.4.19",
        "unpipe": "1.0.0"
      }
    },
    "readable-stream": {
      "version": "1.1.14",
      "resolved": "https://registry.npmjs.org/readable-stream/-/readable-stream-1.1.14.tgz",
      "integrity": "sha1-fPTFTvZI44EwhMY23SB54WbAgdk=",
      "requires": {
        "core-util-is": "~1.0.0",
        "inherits": "~2.0.1",
        "isarray": "0.0.1",
        "string_decoder": "~0.10.x"
      }
    },
    "regenerator-runtime": {
      "version": "0.10.5",
      "resolved": "https://registry.npmjs.org/regenerator-runtime/-/regenerator-runtime-0.10.5.tgz",
      "integrity": "sha1-M2w+/BIgrc7dosn6tntaeVWjNlg="
    },
    "restore-cursor": {
      "version": "2.0.0",
      "resolved": "https://registry.npmjs.org/restore-cursor/-/restore-cursor-2.0.0.tgz",
      "integrity": "sha1-n37ih/gv0ybU/RYpI9YhKe7g368=",
      "requires": {
        "onetime": "^2.0.0",
        "signal-exit": "^3.0.2"
      }
    },
    "run-async": {
      "version": "2.3.0",
      "resolved": "https://registry.npmjs.org/run-async/-/run-async-2.3.0.tgz",
      "integrity": "sha1-A3GrSuC91yDUFm19/aZP96RFpsA=",
      "requires": {
        "is-promise": "^2.1.0"
      }
    },
    "rx": {
      "version": "4.1.0",
      "resolved": "https://registry.npmjs.org/rx/-/rx-4.1.0.tgz",
      "integrity": "sha1-pfE/957zt0D+MKqAP7CfmIBdR4I="
    },
    "safe-buffer": {
      "version": "5.1.1",
      "resolved": "https://registry.npmjs.org/safe-buffer/-/safe-buffer-5.1.1.tgz",
      "integrity": "sha512-kKvNJn6Mm93gAczWVJg7wH+wGYWNrDHdWvpUmHyEsgCtIwwo3bqPtV4tR5tuPaUhTOo/kvhVwd8XwwOllGYkbg=="
    },
    "send": {
      "version": "0.16.2",
      "resolved": "https://registry.npmjs.org/send/-/send-0.16.2.tgz",
      "integrity": "sha512-E64YFPUssFHEFBvpbbjr44NCLtI1AohxQ8ZSiJjQLskAdKuriYEP6VyGEsRDH8ScozGpkaX1BGvhanqCwkcEZw==",
      "requires": {
        "debug": "2.6.9",
        "depd": "~1.1.2",
        "destroy": "~1.0.4",
        "encodeurl": "~1.0.2",
        "escape-html": "~1.0.3",
        "etag": "~1.8.1",
        "fresh": "0.5.2",
        "http-errors": "~1.6.2",
        "mime": "1.4.1",
        "ms": "2.0.0",
        "on-finished": "~2.3.0",
        "range-parser": "~1.2.0",
        "statuses": "~1.4.0"
      }
    },
    "serve-static": {
      "version": "1.13.2",
      "resolved": "https://registry.npmjs.org/serve-static/-/serve-static-1.13.2.tgz",
      "integrity": "sha512-p/tdJrO4U387R9oMjb1oj7qSMaMfmOyd4j9hOFoxZe2baQszgHcSWjuya/CiT5kgZZKRudHNOA0pYXOl8rQ5nw==",
      "requires": {
        "encodeurl": "~1.0.2",
        "escape-html": "~1.0.3",
        "parseurl": "~1.3.2",
        "send": "0.16.2"
      }
    },
    "setprototypeof": {
      "version": "1.1.0",
      "resolved": "https://registry.npmjs.org/setprototypeof/-/setprototypeof-1.1.0.tgz",
      "integrity": "sha512-BvE/TwpZX4FXExxOxZyRGQQv651MSwmWKZGqvmPcRIjDqWub67kTKuIMx43cZZrS/cBBzwBcNDWoFxt2XEFIpQ=="
    },
    "signal-exit": {
      "version": "3.0.2",
      "resolved": "https://registry.npmjs.org/signal-exit/-/signal-exit-3.0.2.tgz",
      "integrity": "sha1-tf3AjxKH6hF4Yo5BXiUTK3NkbG0="
    },
    "statuses": {
      "version": "1.4.0",
      "resolved": "https://registry.npmjs.org/statuses/-/statuses-1.4.0.tgz",
      "integrity": "sha512-zhSCtt8v2NDrRlPQpCNtw/heZLtfUDqxBM1udqikb/Hbk52LK4nQSwr10u77iopCW5LsyHpuXS0GnEc48mLeew=="
    },
    "streamsearch": {
      "version": "0.1.2",
      "resolved": "https://registry.npmjs.org/streamsearch/-/streamsearch-0.1.2.tgz",
      "integrity": "sha1-gIudDlb8Jz2Am6VzOOkpkZoanxo="
    },
    "string-width": {
      "version": "2.1.1",
      "resolved": "https://registry.npmjs.org/string-width/-/string-width-2.1.1.tgz",
      "integrity": "sha512-nOqH59deCq9SRHlxq1Aw85Jnt4w6KvLKqWVik6oA9ZklXLNIOlqg4F2yrT1MVaTjAqvVwdfeZ7w7aCvJD7ugkw==",
      "requires": {
        "is-fullwidth-code-point": "^2.0.0",
        "strip-ansi": "^4.0.0"
      },
      "dependencies": {
        "ansi-regex": {
          "version": "3.0.0",
          "resolved": "https://registry.npmjs.org/ansi-regex/-/ansi-regex-3.0.0.tgz",
          "integrity": "sha1-7QMXwyIGT3lGbAKWa922Bas32Zg="
        },
        "strip-ansi": {
          "version": "4.0.0",
          "resolved": "https://registry.npmjs.org/strip-ansi/-/strip-ansi-4.0.0.tgz",
          "integrity": "sha1-qEeQIusaw2iocTibY1JixQXuNo8=",
          "requires": {
            "ansi-regex": "^3.0.0"
          }
        }
      }
    },
    "string_decoder": {
      "version": "0.10.31",
      "resolved": "https://registry.npmjs.org/string_decoder/-/string_decoder-0.10.31.tgz",
      "integrity": "sha1-YuIDvEF2bGwoyfyEMB2rHFMQ+pQ="
    },
    "strip-ansi": {
      "version": "3.0.1",
      "resolved": "https://registry.npmjs.org/strip-ansi/-/strip-ansi-3.0.1.tgz",
      "integrity": "sha1-ajhfuIU9lS1f8F0Oiq+UJ43GPc8=",
      "requires": {
        "ansi-regex": "^2.0.0"
      }
    },
    "supports-color": {
      "version": "2.0.0",
      "resolved": "https://registry.npmjs.org/supports-color/-/supports-color-2.0.0.tgz",
      "integrity": "sha1-U10EXOa2Nj+kARcIRimZXp3zJMc="
    },
    "through": {
      "version": "2.3.8",
      "resolved": "https://registry.npmjs.org/through/-/through-2.3.8.tgz",
      "integrity": "sha1-DdTJ/6q8NXlgsbckEV1+Doai4fU="
    },
    "tmp": {
      "version": "0.0.33",
      "resolved": "https://registry.npmjs.org/tmp/-/tmp-0.0.33.tgz",
      "integrity": "sha512-jRCJlojKnZ3addtTOjdIqoRuPEKBvNXcGYqzO6zWZX8KfKEpnGY5jfggJQ3EjKuu8D4bJRr0y+cYJFmYbImXGw==",
      "requires": {
        "os-tmpdir": "~1.0.2"
      }
    },
    "type-is": {
      "version": "1.6.16",
      "resolved": "https://registry.npmjs.org/type-is/-/type-is-1.6.16.tgz",
      "integrity": "sha512-HRkVv/5qY2G6I8iab9cI7v1bOIdhm94dVjQCPFElW9W+3GeDOSHmy2EBYe4VTApuzolPcmgFTN3ftVJRKR2J9Q==",
      "requires": {
        "media-typer": "0.3.0",
        "mime-types": "~2.1.18"
      }
    },
    "typedarray": {
      "version": "0.0.6",
      "resolved": "https://registry.npmjs.org/typedarray/-/typedarray-0.0.6.tgz",
      "integrity": "sha1-hnrHTjhkGHsdPUfZlqeOxciDB3c="
    },
    "unpipe": {
      "version": "1.0.0",
      "resolved": "https://registry.npmjs.org/unpipe/-/unpipe-1.0.0.tgz",
      "integrity": "sha1-sr9O6FFKrmFltIF4KdIbLvSZBOw="
    },
    "util-deprecate": {
      "version": "1.0.2",
      "resolved": "https://registry.npmjs.org/util-deprecate/-/util-deprecate-1.0.2.tgz",
      "integrity": "sha1-RQ1Nyfpw3nMnYvvS1KKJgUGaDM8="
    },
    "utils-merge": {
      "version": "1.0.1",
      "resolved": "https://registry.npmjs.org/utils-merge/-/utils-merge-1.0.1.tgz",
      "integrity": "sha1-n5VxD1CiZ5R7LMwSR0HBAoQn5xM="
    },
    "vary": {
      "version": "1.1.2",
      "resolved": "https://registry.npmjs.org/vary/-/vary-1.1.2.tgz",
      "integrity": "sha1-IpnwLG3tMNSllhsLn3RSShj2NPw="
    },
    "vue": {
      "version": "2.5.16",
      "resolved": "https://registry.npmjs.org/vue/-/vue-2.5.16.tgz",
      "integrity": "sha512-/ffmsiVuPC8PsWcFkZngdpas19ABm5mh2wA7iDqcltyCTwlgZjHGeJYOXkBMo422iPwIcviOtrTCUpSfXmToLQ=="
    },
    "vue-flex": {
      "version": "2.1.0",
      "resolved": "https://registry.npmjs.org/vue-flex/-/vue-flex-2.1.0.tgz",
      "integrity": "sha512-RRRHJgHntoXhewREzmTPnSjILyMIR9+FLMtlobpTPQTuSGe+FMbOkiwXmuAxLB9Bct4ZoaHrjZ0PpxudKjXfXg==",
      "requires": {
        "vue-functional-data-merge": "^2.0.4"
      }
    },
    "vue-functional-data-merge": {
      "version": "2.0.6",
      "resolved": "https://registry.npmjs.org/vue-functional-data-merge/-/vue-functional-data-merge-2.0.6.tgz",
      "integrity": "sha512-eivElFOJwhXJopKlq71/8onDxOKK4quPwWGFF9yIVjpU2sNzxISRpufu18bh674ivSADuEAPU2OhT+vrH0E9Mg=="
    },
    "xtend": {
      "version": "4.0.1",
      "resolved": "https://registry.npmjs.org/xtend/-/xtend-4.0.1.tgz",
      "integrity": "sha1-pcbVMr5lbiPbgg77lDofBJmNY68="
    }
  }
}
